
Microsoft Visual Studio Solution File, Format Version 12.00
# Visual Studio 15
VisualStudioVersion = 15.0.28307.168
MinimumVisualStudioVersion = 10.0.40219.1
Project("{FAE04EC0-301F-11D3-BF4B-00C04F79EFBC}") = "dependency01", "dependency01\dependency01.csproj", "{A2D21952-0EBA-4668-A320-4CAA733E7EEB}"
EndProject
Global
	GlobalSection(SolutionConfigurationPlatforms) = preSolution
		Debug|Any CPU = Debug|Any CPU
		Release|Any CPU = Release|Any CPU
	EndGlobalSection
	GlobalSection(ProjectConfigurationPlatforms) = postSolution
		{A2D21952-0EBA-4668-A320-4CAA733E7EEB}.Debug|Any CPU.ActiveCfg = Debug|Any CPU
		{A2D21952-0EBA-4668-A320-4CAA733E7EEB}.Debug|Any CPU.Build.0 = Debug|Any CPU
		{A2D21952-0EBA-4668-A320-4CAA733E7EEB}.Release|Any CPU.ActiveCfg = Release|Any CPU
		{A2D21952-0EBA-4668-A320-4CAA733E7EEB}.Release|Any CPU.Build.0 = Release|Any CPU
	EndGlobalSection
	GlobalSection(SolutionProperties) = preSolution
		HideSolutionNode = FALSE
	EndGlobalSection
	GlobalSection(ExtensibilityGlobals) = postSolution
		SolutionGuid = {8BA7714F-1B1E-4DF1-A7F4-B0D6FD19C13C}
	EndGlobalSection
EndGlobal
