
Microsoft Visual Studio Solution File, Format Version 12.00
# Visual Studio 15
VisualStudioVersion = 15.0.28307.168
MinimumVisualStudioVersion = 10.0.40219.1
Project("{FAE04EC0-301F-11D3-BF4B-00C04F79EFBC}") = "stap2", "stap2\stap2.csproj", "{B3C0F65F-E6CA-4673-B6CF-02E6B70B23A2}"
EndProject
Global
	GlobalSection(SolutionConfigurationPlatforms) = preSolution
		Debug|Any CPU = Debug|Any CPU
		Release|Any CPU = Release|Any CPU
	EndGlobalSection
	GlobalSection(ProjectConfigurationPlatforms) = postSolution
		{B3C0F65F-E6CA-4673-B6CF-02E6B70B23A2}.Debug|Any CPU.ActiveCfg = Debug|Any CPU
		{B3C0F65F-E6CA-4673-B6CF-02E6B70B23A2}.Debug|Any CPU.Build.0 = Debug|Any CPU
		{B3C0F65F-E6CA-4673-B6CF-02E6B70B23A2}.Release|Any CPU.ActiveCfg = Release|Any CPU
		{B3C0F65F-E6CA-4673-B6CF-02E6B70B23A2}.Release|Any CPU.Build.0 = Release|Any CPU
	EndGlobalSection
	GlobalSection(SolutionProperties) = preSolution
		HideSolutionNode = FALSE
	EndGlobalSection
	GlobalSection(ExtensibilityGlobals) = postSolution
		SolutionGuid = {79F436DE-72C2-4738-ADEA-2F5F0D8FE423}
	EndGlobalSection
EndGlobal
