
Microsoft Visual Studio Solution File, Format Version 12.00
# Visual Studio 15
VisualStudioVersion = 15.0.28307.168
MinimumVisualStudioVersion = 10.0.40219.1
Project("{FAE04EC0-301F-11D3-BF4B-00C04F79EFBC}") = "stap3", "stap3\stap3.csproj", "{37EC59E6-EA87-4C84-A8E7-41EDCA0F048F}"
EndProject
Global
	GlobalSection(SolutionConfigurationPlatforms) = preSolution
		Debug|Any CPU = Debug|Any CPU
		Release|Any CPU = Release|Any CPU
	EndGlobalSection
	GlobalSection(ProjectConfigurationPlatforms) = postSolution
		{37EC59E6-EA87-4C84-A8E7-41EDCA0F048F}.Debug|Any CPU.ActiveCfg = Debug|Any CPU
		{37EC59E6-EA87-4C84-A8E7-41EDCA0F048F}.Debug|Any CPU.Build.0 = Debug|Any CPU
		{37EC59E6-EA87-4C84-A8E7-41EDCA0F048F}.Release|Any CPU.ActiveCfg = Release|Any CPU
		{37EC59E6-EA87-4C84-A8E7-41EDCA0F048F}.Release|Any CPU.Build.0 = Release|Any CPU
	EndGlobalSection
	GlobalSection(SolutionProperties) = preSolution
		HideSolutionNode = FALSE
	EndGlobalSection
	GlobalSection(ExtensibilityGlobals) = postSolution
		SolutionGuid = {0E493065-9175-45F7-8372-324BE65171C1}
	EndGlobalSection
EndGlobal
